// !$*UTF8*$!
{
	archiveVersion = 1;
	classes = {
	};
	objectVersion = 55;
	objects = {

/* Begin PBXBuildFile section */
		4B78DDFF28A35CFE00A956BC /* swiftUIProjectApp.swift in Sources */ = {isa = PBXBuildFile; fileRef = 4B78DDFE28A35CFE00A956BC /* swiftUIProjectApp.swift */; };
		4B78DE0128A35CFE00A956BC /* ContentView.swift in Sources */ = {isa = PBXBuildFile; fileRef = 4B78DE0028A35CFE00A956BC /* ContentView.swift */; };
		4B78DE0328A35D0000A956BC /* Assets.xcassets in Resources */ = {isa = PBXBuildFile; fileRef = 4B78DE0228A35D0000A956BC /* Assets.xcassets */; };
		4B78DE0628A35D0000A956BC /* Preview Assets.xcassets in Resources */ = {isa = PBXBuildFile; fileRef = 4B78DE0528A35D0000A956BC /* Preview Assets.xcassets */; };
		4B78DE0828A35D0000A956BC /* Persistence.swift in Sources */ = {isa = PBXBuildFile; fileRef = 4B78DE0728A35D0000A956BC /* Persistence.swift */; };
		4B78DE0B28A35D0000A956BC /* swiftUIProject.xcdatamodeld in Sources */ = {isa = PBXBuildFile; fileRef = 4B78DE0928A35D0000A956BC /* swiftUIProject.xcdatamodeld */; };
		4B78DE1528A35D0000A956BC /* swiftUIProjectTests.swift in Sources */ = {isa = PBXBuildFile; fileRef = 4B78DE1428A35D0000A956BC /* swiftUIProjectTests.swift */; };
		4B78DE1F28A35D0000A956BC /* swiftUIProjectUITests.swift in Sources */ = {isa = PBXBuildFile; fileRef = 4B78DE1E28A35D0000A956BC /* swiftUIProjectUITests.swift */; };
		4B78DE2128A35D0000A956BC /* swiftUIProjectUITestsLaunchTests.swift in Sources */ = {isa = PBXBuildFile; fileRef = 4B78DE2028A35D0000A956BC /* swiftUIProjectUITestsLaunchTests.swift */; };
		4B78DE2F28A35D2D00A956BC /* HomeScreen.swift in Sources */ = {isa = PBXBuildFile; fileRef = 4B78DE2E28A35D2D00A956BC /* HomeScreen.swift */; };
/* End PBXBuildFile section */

/* Begin PBXContainerItemProxy section */
		4B78DE1128A35D0000A956BC /* PBXContainerItemProxy */ = {
			isa = PBXContainerItemProxy;
			containerPortal = 4B78DDF328A35CFE00A956BC /* Project object */;
			proxyType = 1;
			remoteGlobalIDString = 4B78DDFA28A35CFE00A956BC;
			remoteInfo = swiftUIProject;
		};
		4B78DE1B28A35D0000A956BC /* PBXContainerItemProxy */ = {
			isa = PBXContainerItemProxy;
			containerPortal = 4B78DDF328A35CFE00A956BC /* Project object */;
			proxyType = 1;
			remoteGlobalIDString = 4B78DDFA28A35CFE00A956BC;
			remoteInfo = swiftUIProject;
		};
/* End PBXContainerItemProxy section */

/* Begin PBXFileReference section */
		4B78DDFB28A35CFE00A956BC /* swiftUIProject.app */ = {isa = PBXFileReference; explicitFileType = wrapper.application; includeInIndex = 0; path = swiftUIProject.app; sourceTree = BUILT_PRODUCTS_DIR; };
		4B78DDFE28A35CFE00A956BC /* swiftUIProjectApp.swift */ = {isa = PBXFileReference; lastKnownFileType = sourcecode.swift; path = swiftUIProjectApp.swift; sourceTree = "<group>"; };
		4B78DE0028A35CFE00A956BC /* ContentView.swift */ = {isa = PBXFileReference; lastKnownFileType = sourcecode.swift; path = ContentView.swift; sourceTree = "<group>"; };
		4B78DE0228A35D0000A956BC /* Assets.xcassets */ = {isa = PBXFileReference; lastKnownFileType = folder.assetcatalog; path = Assets.xcassets; sourceTree = "<group>"; };
		4B78DE0528A35D0000A956BC /* Preview Assets.xcassets */ = {isa = PBXFileReference; lastKnownFileType = folder.assetcatalog; path = "Preview Assets.xcassets"; sourceTree = "<group>"; };
		4B78DE0728A35D0000A956BC /* Persistence.swift */ = {isa = PBXFileReference; lastKnownFileType = sourcecode.swift; path = Persistence.swift; sourceTree = "<group>"; };
		4B78DE0A28A35D0000A956BC /* swiftUIProject.xcdatamodel */ = {isa = PBXFileReference; lastKnownFileType = wrapper.xcdatamodel; path = swiftUIProject.xcdatamodel; sourceTree = "<group>"; };
		4B78DE1028A35D0000A956BC /* swiftUIProjectTests.xctest */ = {isa = PBXFileReference; explicitFileType = wrapper.cfbundle; includeInIndex = 0; path = swiftUIProjectTests.xctest; sourceTree = BUILT_PRODUCTS_DIR; };
		4B78DE1428A35D0000A956BC /* swiftUIProjectTests.swift */ = {isa = PBXFileReference; lastKnownFileType = sourcecode.swift; path = swiftUIProjectTests.swift; sourceTree = "<group>"; };
		4B78DE1A28A35D0000A956BC /* swiftUIProjectUITests.xctest */ = {isa = PBXFileReference; explicitFileType = wrapper.cfbundle; includeInIndex = 0; path = swiftUIProjectUITests.xctest; sourceTree = BUILT_PRODUCTS_DIR; };
		4B78DE1E28A35D0000A956BC /* swiftUIProjectUITests.swift */ = {isa = PBXFileReference; lastKnownFileType = sourcecode.swift; path = swiftUIProjectUITests.swift; sourceTree = "<group>"; };
		4B78DE2028A35D0000A956BC /* swiftUIProjectUITestsLaunchTests.swift */ = {isa = PBXFileReference; lastKnownFileType = sourcecode.swift; path = swiftUIProjectUITestsLaunchTests.swift; sourceTree = "<group>"; };
		4B78DE2E28A35D2D00A956BC /* HomeScreen.swift */ = {isa = PBXFileReference; lastKnownFileType = sourcecode.swift; path = HomeScreen.swift; sourceTree = "<group>"; };
/* End PBXFileReference section */

/* Begin PBXFrameworksBuildPhase section */
		4B78DDF828A35CFE00A956BC /* Frameworks */ = {
			isa = PBXFrameworksBuildPhase;
			buildActionMask = 2147483647;
			files = (
			);
			runOnlyForDeploymentPostprocessing = 0;
		};
		4B78DE0D28A35D0000A956BC /* Frameworks */ = {
			isa = PBXFrameworksBuildPhase;
			buildActionMask = 2147483647;
			files = (
			);
			runOnlyForDeploymentPostprocessing = 0;
		};
		4B78DE1728A35D0000A956BC /* Frameworks */ = {
			isa = PBXFrameworksBuildPhase;
			buildActionMask = 2147483647;
			files = (
			);
			runOnlyForDeploymentPostprocessing = 0;
		};
/* End PBXFrameworksBuildPhase section */

/* Begin PBXGroup section */
		4B78DDF228A35CFE00A956BC = {
			isa = PBXGroup;
			children = (
				4B78DDFD28A35CFE00A956BC /* swiftUIProject */,
				4B78DE1328A35D0000A956BC /* swiftUIProjectTests */,
				4B78DE1D28A35D0000A956BC /* swiftUIProjectUITests */,
				4B78DDFC28A35CFE00A956BC /* Products */,
			);
			sourceTree = "<group>";
		};
		4B78DDFC28A35CFE00A956BC /* Products */ = {
			isa = PBXGroup;
			children = (
				4B78DDFB28A35CFE00A956BC /* swiftUIProject.app */,
				4B78DE1028A35D0000A956BC /* swiftUIProjectTests.xctest */,
				4B78DE1A28A35D0000A956BC /* swiftUIProjectUITests.xctest */,
			);
			name = Products;
			sourceTree = "<group>";
		};
		4B78DDFD28A35CFE00A956BC /* swiftUIProject */ = {
			isa = PBXGroup;
			children = (
				4B78DE2D28A35D1200A956BC /* screens */,
				4B78DDFE28A35CFE00A956BC /* swiftUIProjectApp.swift */,
				4B78DE0028A35CFE00A956BC /* ContentView.swift */,
				4B78DE0228A35D0000A956BC /* Assets.xcassets */,
				4B78DE0728A35D0000A956BC /* Persistence.swift */,
				4B78DE0928A35D0000A956BC /* swiftUIProject.xcdatamodeld */,
				4B78DE0428A35D0000A956BC /* Preview Content */,
			);
			path = swiftUIProject;
			sourceTree = "<group>";
		};
		4B78DE0428A35D0000A956BC /* Preview Content */ = {
			isa = PBXGroup;
			children = (
				4B78DE0528A35D0000A956BC /* Preview Assets.xcassets */,
			);
			path = "Preview Content";
			sourceTree = "<group>";
		};
		4B78DE1328A35D0000A956BC /* swiftUIProjectTests */ = {
			isa = PBXGroup;
			children = (
				4B78DE1428A35D0000A956BC /* swiftUIProjectTests.swift */,
			);
			path = swiftUIProjectTests;
			sourceTree = "<group>";
		};
		4B78DE1D28A35D0000A956BC /* swiftUIProjectUITests */ = {
			isa = PBXGroup;
			children = (
				4B78DE1E28A35D0000A956BC /* swiftUIProjectUITests.swift */,
				4B78DE2028A35D0000A956BC /* swiftUIProjectUITestsLaunchTests.swift */,
			);
			path = swiftUIProjectUITests;
			sourceTree = "<group>";
		};
		4B78DE2D28A35D1200A956BC /* screens */ = {
			isa = PBXGroup;
			children = (
				4B78DE2E28A35D2D00A956BC /* HomeScreen.swift */,
			);
			path = screens;
			sourceTree = "<group>";
		};
/* End PBXGroup section */

/* Begin PBXNativeTarget section */
		4B78DDFA28A35CFE00A956BC /* swiftUIProject */ = {
			isa = PBXNativeTarget;
			buildConfigurationList = 4B78DE2428A35D0000A956BC /* Build configuration list for PBXNativeTarget "swiftUIProject" */;
			buildPhases = (
				4B78DDF728A35CFE00A956BC /* Sources */,
				4B78DDF828A35CFE00A956BC /* Frameworks */,
				4B78DDF928A35CFE00A956BC /* Resources */,
			);
			buildRules = (
			);
			dependencies = (
			);
			name = swiftUIProject;
			productName = swiftUIProject;
			productReference = 4B78DDFB28A35CFE00A956BC /* swiftUIProject.app */;
			productType = "com.apple.product-type.application";
		};
		4B78DE0F28A35D0000A956BC /* swiftUIProjectTests */ = {
			isa = PBXNativeTarget;
			buildConfigurationList = 4B78DE2728A35D0000A956BC /* Build configuration list for PBXNativeTarget "swiftUIProjectTests" */;
			buildPhases = (
				4B78DE0C28A35D0000A956BC /* Sources */,
				4B78DE0D28A35D0000A956BC /* Frameworks */,
				4B78DE0E28A35D0000A956BC /* Resources */,
			);
			buildRules = (
			);
			dependencies = (
				4B78DE1228A35D0000A956BC /* PBXTargetDependency */,
			);
			name = swiftUIProjectTests;
			productName = swiftUIProjectTests;
			productReference = 4B78DE1028A35D0000A956BC /* swiftUIProjectTests.xctest */;
			productType = "com.apple.product-type.bundle.unit-test";
		};
		4B78DE1928A35D0000A956BC /* swiftUIProjectUITests */ = {
			isa = PBXNativeTarget;
			buildConfigurationList = 4B78DE2A28A35D0000A956BC /* Build configuration list for PBXNativeTarget "swiftUIProjectUITests" */;
			buildPhases = (
				4B78DE1628A35D0000A956BC /* Sources */,
				4B78DE1728A35D0000A956BC /* Frameworks */,
				4B78DE1828A35D0000A956BC /* Resources */,
			);
			buildRules = (
			);
			dependencies = (
				4B78DE1C28A35D0000A956BC /* PBXTargetDependency */,
			);
			name = swiftUIProjectUITests;
			productName = swiftUIProjectUITests;
			productReference = 4B78DE1A28A35D0000A956BC /* swiftUIProjectUITests.xctest */;
			productType = "com.apple.product-type.bundle.ui-testing";
		};
/* End PBXNativeTarget section */

/* Begin PBXProject section */
		4B78DDF328A35CFE00A956BC /* Project object */ = {
			isa = PBXProject;
			attributes = {
				BuildIndependentTargetsInParallel = 1;
				LastSwiftUpdateCheck = 1340;
				LastUpgradeCheck = 1340;
				TargetAttributes = {
					4B78DDFA28A35CFE00A956BC = {
						CreatedOnToolsVersion = 13.4.1;
					};
					4B78DE0F28A35D0000A956BC = {
						CreatedOnToolsVersion = 13.4.1;
						TestTargetID = 4B78DDFA28A35CFE00A956BC;
					};
					4B78DE1928A35D0000A956BC = {
						CreatedOnToolsVersion = 13.4.1;
						TestTargetID = 4B78DDFA28A35CFE00A956BC;
					};
				};
			};
			buildConfigurationList = 4B78DDF628A35CFE00A956BC /* Build configuration list for PBXProject "swiftUIProject" */;
			compatibilityVersion = "Xcode 13.0";
			developmentRegion = en;
			hasScannedForEncodings = 0;
			knownRegions = (
				en,
				Base,
			);
			mainGroup = 4B78DDF228A35CFE00A956BC;
			productRefGroup = 4B78DDFC28A35CFE00A956BC /* Products */;
			projectDirPath = "";
			projectRoot = "";
			targets = (
				4B78DDFA28A35CFE00A956BC /* swiftUIProject */,
				4B78DE0F28A35D0000A956BC /* swiftUIProjectTests */,
				4B78DE1928A35D0000A956BC /* swiftUIProjectUITests */,
			);
		};
/* End PBXProject section */

/* Begin PBXResourcesBuildPhase section */
		4B78DDF928A35CFE00A956BC /* Resources */ = {
			isa = PBXResourcesBuildPhase;
			buildActionMask = 2147483647;
			files = (
				4B78DE0628A35D0000A956BC /* Preview Assets.xcassets in Resources */,
				4B78DE0328A35D0000A956BC /* Assets.xcassets in Resources */,
			);
			runOnlyForDeploymentPostprocessing = 0;
		};
		4B78DE0E28A35D0000A956BC /* Resources */ = {
			isa = PBXResourcesBuildPhase;
			buildActionMask = 2147483647;
			files = (
			);
			runOnlyForDeploymentPostprocessing = 0;
		};
		4B78DE1828A35D0000A956BC /* Resources */ = {
			isa = PBXResourcesBuildPhase;
			buildActionMask = 2147483647;
			files = (
			);
			runOnlyForDeploymentPostprocessing = 0;
		};
/* End PBXResourcesBuildPhase section */

/* Begin PBXSourcesBuildPhase section */
		4B78DDF728A35CFE00A956BC /* Sources */ = {
			isa = PBXSourcesBuildPhase;
			buildActionMask = 2147483647;
			files = (
				4B78DE0828A35D0000A956BC /* Persistence.swift in Sources */,
				4B78DE2F28A35D2D00A956BC /* HomeScreen.swift in Sources */,
				4B78DE0B28A35D0000A956BC /* swiftUIProject.xcdatamodeld in Sources */,
				4B78DE0128A35CFE00A956BC /* ContentView.swift in Sources */,
				4B78DDFF28A35CFE00A956BC /* swiftUIProjectApp.swift in Sources */,
			);
			runOnlyForDeploymentPostprocessing = 0;
		};
		4B78DE0C28A35D0000A956BC /* Sources */ = {
			isa = PBXSourcesBuildPhase;
			buildActionMask = 2147483647;
			files = (
				4B78DE1528A35D0000A956BC /* swiftUIProjectTests.swift in Sources */,
			);
			runOnlyForDeploymentPostprocessing = 0;
		};
		4B78DE1628A35D0000A956BC /* Sources */ = {
			isa = PBXSourcesBuildPhase;
			buildActionMask = 2147483647;
			files = (
				4B78DE2128A35D0000A956BC /* swiftUIProjectUITestsLaunchTests.swift in Sources */,
				4B78DE1F28A35D0000A956BC /* swiftUIProjectUITests.swift in Sources */,
			);
			runOnlyForDeploymentPostprocessing = 0;
		};
/* End PBXSourcesBuildPhase section */

/* Begin PBXTargetDependency section */
		4B78DE1228A35D0000A956BC /* PBXTargetDependency */ = {
			isa = PBXTargetDependency;
			target = 4B78DDFA28A35CFE00A956BC /* swiftUIProject */;
			targetProxy = 4B78DE1128A35D0000A956BC /* PBXContainerItemProxy */;
		};
		4B78DE1C28A35D0000A956BC /* PBXTargetDependency */ = {
			isa = PBXTargetDependency;
			target = 4B78DDFA28A35CFE00A956BC /* swiftUIProject */;
			targetProxy = 4B78DE1B28A35D0000A956BC /* PBXContainerItemProxy */;
		};
/* End PBXTargetDependency section */

/* Begin XCBuildConfiguration section */
		4B78DE2228A35D0000A956BC /* Debug */ = {
			isa = XCBuildConfiguration;
			buildSettings = {
				ALWAYS_SEARCH_USER_PATHS = NO;
				CLANG_ANALYZER_NONNULL = YES;
				CLANG_ANALYZER_NUMBER_OBJECT_CONVERSION = YES_AGGRESSIVE;
				CLANG_CXX_LANGUAGE_STANDARD = "gnu++17";
				CLANG_ENABLE_MODULES = YES;
				CLANG_ENABLE_OBJC_ARC = YES;
				CLANG_ENABLE_OBJC_WEAK = YES;
				CLANG_WARN_BLOCK_CAPTURE_AUTORELEASING = YES;
				CLANG_WARN_BOOL_CONVERSION = YES;
				CLANG_WARN_COMMA = YES;
				CLANG_WARN_CONSTANT_CONVERSION = YES;
				CLANG_WARN_DEPRECATED_OBJC_IMPLEMENTATIONS = YES;
				CLANG_WARN_DIRECT_OBJC_ISA_USAGE = YES_ERROR;
				CLANG_WARN_DOCUMENTATION_COMMENTS = YES;
				CLANG_WARN_EMPTY_BODY = YES;
				CLANG_WARN_ENUM_CONVERSION = YES;
				CLANG_WARN_INFINITE_RECURSION = YES;
				CLANG_WARN_INT_CONVERSION = YES;
				CLANG_WARN_NON_LITERAL_NULL_CONVERSION = YES;
				CLANG_WARN_OBJC_IMPLICIT_RETAIN_SELF = YES;
				CLANG_WARN_OBJC_LITERAL_CONVERSION = YES;
				CLANG_WARN_OBJC_ROOT_CLASS = YES_ERROR;
				CLANG_WARN_QUOTED_INCLUDE_IN_FRAMEWORK_HEADER = YES;
				CLANG_WARN_RANGE_LOOP_ANALYSIS = YES;
				CLANG_WARN_STRICT_PROTOTYPES = YES;
				CLANG_WARN_SUSPICIOUS_MOVE = YES;
				CLANG_WARN_UNGUARDED_AVAILABILITY = YES_AGGRESSIVE;
				CLANG_WARN_UNREACHABLE_CODE = YES;
				CLANG_WARN__DUPLICATE_METHOD_MATCH = YES;
				COPY_PHASE_STRIP = NO;
				DEBUG_INFORMATION_FORMAT = dwarf;
				ENABLE_STRICT_OBJC_MSGSEND = YES;
				ENABLE_TESTABILITY = YES;
				GCC_C_LANGUAGE_STANDARD = gnu11;
				GCC_DYNAMIC_NO_PIC = NO;
				GCC_NO_COMMON_BLOCKS = YES;
				GCC_OPTIMIZATION_LEVEL = 0;
				GCC_PREPROCESSOR_DEFINITIONS = (
					"DEBUG=1",
					"$(inherited)",
				);
				GCC_WARN_64_TO_32_BIT_CONVERSION = YES;
				GCC_WARN_ABOUT_RETURN_TYPE = YES_ERROR;
				GCC_WARN_UNDECLARED_SELECTOR = YES;
				GCC_WARN_UNINITIALIZED_AUTOS = YES_AGGRESSIVE;
				GCC_WARN_UNUSED_FUNCTION = YES;
				GCC_WARN_UNUSED_VARIABLE = YES;
				IPHONEOS_DEPLOYMENT_TARGET = 15.5;
				MTL_ENABLE_DEBUG_INFO = INCLUDE_SOURCE;
				MTL_FAST_MATH = YES;
				ONLY_ACTIVE_ARCH = YES;
				SDKROOT = iphoneos;
				SWIFT_ACTIVE_COMPILATION_CONDITIONS = DEBUG;
				SWIFT_OPTIMIZATION_LEVEL = "-Onone";
			};
			name = Debug;
		};
		4B78DE2328A35D0000A956BC /* Release */ = {
			isa = XCBuildConfiguration;
			buildSettings = {
				ALWAYS_SEARCH_USER_PATHS = NO;
				CLANG_ANALYZER_NONNULL = YES;
				CLANG_ANALYZER_NUMBER_OBJECT_CONVERSION = YES_AGGRESSIVE;
				CLANG_CXX_LANGUAGE_STANDARD = "gnu++17";
				CLANG_ENABLE_MODULES = YES;
				CLANG_ENABLE_OBJC_ARC = YES;
				CLANG_ENABLE_OBJC_WEAK = YES;
				CLANG_WARN_BLOCK_CAPTURE_AUTORELEASING = YES;
				CLANG_WARN_BOOL_CONVERSION = YES;
				CLANG_WARN_COMMA = YES;
				CLANG_WARN_CONSTANT_CONVERSION = YES;
				CLANG_WARN_DEPRECATED_OBJC_IMPLEMENTATIONS = YES;
				CLANG_WARN_DIRECT_OBJC_ISA_USAGE = YES_ERROR;
				CLANG_WARN_DOCUMENTATION_COMMENTS = YES;
				CLANG_WARN_EMPTY_BODY = YES;
				CLANG_WARN_ENUM_CONVERSION = YES;
				CLANG_WARN_INFINITE_RECURSION = YES;
				CLANG_WARN_INT_CONVERSION = YES;
				CLANG_WARN_NON_LITERAL_NULL_CONVERSION = YES;
				CLANG_WARN_OBJC_IMPLICIT_RETAIN_SELF = YES;
				CLANG_WARN_OBJC_LITERAL_CONVERSION = YES;
				CLANG_WARN_OBJC_ROOT_CLASS = YES_ERROR;
				CLANG_WARN_QUOTED_INCLUDE_IN_FRAMEWORK_HEADER = YES;
				CLANG_WARN_RANGE_LOOP_ANALYSIS = YES;
				CLANG_WARN_STRICT_PROTOTYPES = YES;
				CLANG_WARN_SUSPICIOUS_MOVE = YES;
				CLANG_WARN_UNGUARDED_AVAILABILITY = YES_AGGRESSIVE;
				CLANG_WARN_UNREACHABLE_CODE = YES;
				CLANG_WARN__DUPLICATE_METHOD_MATCH = YES;
				COPY_PHASE_STRIP = NO;
				DEBUG_INFORMATION_FORMAT = "dwarf-with-dsym";
				ENABLE_NS_ASSERTIONS = NO;
				ENABLE_STRICT_OBJC_MSGSEND = YES;
				GCC_C_LANGUAGE_STANDARD = gnu11;
				GCC_NO_COMMON_BLOCKS = YES;
				GCC_WARN_64_TO_32_BIT_CONVERSION = YES;
				GCC_WARN_ABOUT_RETURN_TYPE = YES_ERROR;
				GCC_WARN_UNDECLARED_SELECTOR = YES;
				GCC_WARN_UNINITIALIZED_AUTOS = YES_AGGRESSIVE;
				GCC_WARN_UNUSED_FUNCTION = YES;
				GCC_WARN_UNUSED_VARIABLE = YES;
				IPHONEOS_DEPLOYMENT_TARGET = 15.5;
				MTL_ENABLE_DEBUG_INFO = NO;
				MTL_FAST_MATH = YES;
				SDKROOT = iphoneos;
				SWIFT_COMPILATION_MODE = wholemodule;
				SWIFT_OPTIMIZATION_LEVEL = "-O";
				VALIDATE_PRODUCT = YES;
			};
			name = Release;
		};
		4B78DE2528A35D0000A956BC /* Debug */ = {
			isa = XCBuildConfiguration;
			buildSettings = {
				ASSETCATALOG_COMPILER_APPICON_NAME = AppIcon;
				ASSETCATALOG_COMPILER_GLOBAL_ACCENT_COLOR_NAME = AccentColor;
				CODE_SIGN_STYLE = Automatic;
				CURRENT_PROJECT_VERSION = 1;
				DEVELOPMENT_ASSET_PATHS = "\"swiftUIProject/Preview Content\"";
				DEVELOPMENT_TEAM = GP9DF5DX3M;
				ENABLE_PREVIEWS = YES;
				GENERATE_INFOPLIST_FILE = YES;
				INFOPLIST_KEY_UIApplicationSceneManifest_Generation = YES;
				INFOPLIST_KEY_UIApplicationSupportsIndirectInputEvents = YES;
				INFOPLIST_KEY_UILaunchScreen_Generation = YES;
				INFOPLIST_KEY_UISupportedInterfaceOrientations = "UIInterfaceOrientationPortrait UIInterfaceOrientationLandscapeLeft";
				INFOPLIST_KEY_UISupportedInterfaceOrientations_iPad = "UIInterfaceOrientationPortrait UIInterfaceOrientationPortraitUpsideDown UIInterfaceOrientationLandscapeLeft UIInterfaceOrientationLandscapeRight";
				INFOPLIST_KEY_UISupportedInterfaceOrientations_iPhone = "UIInterfaceOrientationPortrait UIInterfaceOrientationLandscapeLeft UIInterfaceOrientationLandscapeRight";
				LD_RUNPATH_SEARCH_PATHS = (
					"$(inherited)",
					"@executable_path/Frameworks",
				);
				MARKETING_VERSION = 1.0;
				PRODUCT_BUNDLE_IDENTIFIER = habibcmb.swiftUIProject;
				PRODUCT_NAME = "$(TARGET_NAME)";
				SWIFT_EMIT_LOC_STRINGS = YES;
				SWIFT_VERSION = 5.0;
				TARGETED_DEVICE_FAMILY = "1,2";
			};
			name = Debug;
		};
		4B78DE2628A35D0000A956BC /* Release */ = {
			isa = XCBuildConfiguration;
			buildSettings = {
				ASSETCATALOG_COMPILER_APPICON_NAME = AppIcon;
				ASSETCATALOG_COMPILER_GLOBAL_ACCENT_COLOR_NAME = AccentColor;
				CODE_SIGN_STYLE = Automatic;
				CURRENT_PROJECT_VERSION = 1;
				DEVELOPMENT_ASSET_PATHS = "\"swiftUIProject/Preview Content\"";
				DEVELOPMENT_TEAM = GP9DF5DX3M;
				ENABLE_PREVIEWS = YES;
				GENERATE_INFOPLIST_FILE = YES;
				INFOPLIST_KEY_UIApplicationSceneManifest_Generation = YES;
				INFOPLIST_KEY_UIApplicationSupportsIndirectInputEvents = YES;
				INFOPLIST_KEY_UILaunchScreen_Generation = YES;
				INFOPLIST_KEY_UISupportedInterfaceOrientations = "UIInterfaceOrientationPortrait UIInterfaceOrientationLandscapeLeft";
				INFOPLIST_KEY_UISupportedInterfaceOrientations_iPad = "UIInterfaceOrientationPortrait UIInterfaceOrientationPortraitUpsideDown UIInterfaceOrientationLandscapeLeft UIInterfaceOrientationLandscapeRight";
				INFOPLIST_KEY_UISupportedInterfaceOrientations_iPhone = "UIInterfaceOrientationPortrait UIInterfaceOrientationLandscapeLeft UIInterfaceOrientationLandscapeRight";
				LD_RUNPATH_SEARCH_PATHS = (
					"$(inherited)",
					"@executable_path/Frameworks",
				);
				MARKETING_VERSION = 1.0;
				PRODUCT_BUNDLE_IDENTIFIER = habibcmb.swiftUIProject;
				PRODUCT_NAME = "$(TARGET_NAME)";
				SWIFT_EMIT_LOC_STRINGS = YES;
				SWIFT_VERSION = 5.0;
				TARGETED_DEVICE_FAMILY = "1,2";
			};
			name = Release;
		};
		4B78DE2828A35D0000A956BC /* Debug */ = {
			isa = XCBuildConfiguration;
			buildSettings = {
				ALWAYS_EMBED_SWIFT_STANDARD_LIBRARIES = YES;
				BUNDLE_LOADER = "$(TEST_HOST)";
				CODE_SIGN_STYLE = Automatic;
				CURRENT_PROJECT_VERSION = 1;
				DEVELOPMENT_TEAM = GP9DF5DX3M;
				GENERATE_INFOPLIST_FILE = YES;
				IPHONEOS_DEPLOYMENT_TARGET = 15.5;
				MARKETING_VERSION = 1.0;
				PRODUCT_BUNDLE_IDENTIFIER = habibcmb.swiftUIProjectTests;
				PRODUCT_NAME = "$(TARGET_NAME)";
				SWIFT_EMIT_LOC_STRINGS = NO;
				SWIFT_VERSION = 5.0;
				TARGETED_DEVICE_FAMILY = "1,2";
				TEST_HOST = "$(BUILT_PRODUCTS_DIR)/swiftUIProject.app/swiftUIProject";
			};
			name = Debug;
		};
		4B78DE2928A35D0000A956BC /* Release */ = {
			isa = XCBuildConfiguration;
			buildSettings = {
				ALWAYS_EMBED_SWIFT_STANDARD_LIBRARIES = YES;
				BUNDLE_LOADER = "$(TEST_HOST)";
				CODE_SIGN_STYLE = Automatic;
				CURRENT_PROJECT_VERSION = 1;
				DEVELOPMENT_TEAM = GP9DF5DX3M;
				GENERATE_INFOPLIST_FILE = YES;
				IPHONEOS_DEPLOYMENT_TARGET = 15.5;
				MARKETING_VERSION = 1.0;
				PRODUCT_BUNDLE_IDENTIFIER = habibcmb.swiftUIProjectTests;
				PRODUCT_NAME = "$(TARGET_NAME)";
				SWIFT_EMIT_LOC_STRINGS = NO;
				SWIFT_VERSION = 5.0;
				TARGETED_DEVICE_FAMILY = "1,2";
				TEST_HOST = "$(BUILT_PRODUCTS_DIR)/swiftUIProject.app/swiftUIProject";
			};
			name = Release;
		};
		4B78DE2B28A35D0000A956BC /* Debug */ = {
			isa = XCBuildConfiguration;
			buildSettings = {
				ALWAYS_EMBED_SWIFT_STANDARD_LIBRARIES = YES;
				CODE_SIGN_STYLE = Automatic;
				CURRENT_PROJECT_VERSION = 1;
				DEVELOPMENT_TEAM = GP9DF5DX3M;
				GENERATE_INFOPLIST_FILE = YES;
				MARKETING_VERSION = 1.0;
				PRODUCT_BUNDLE_IDENTIFIER = habibcmb.swiftUIProjectUITests;
				PRODUCT_NAME = "$(TARGET_NAME)";
				SWIFT_EMIT_LOC_STRINGS = NO;
				SWIFT_VERSION = 5.0;
				TARGETED_DEVICE_FAMILY = "1,2";
				TEST_TARGET_NAME = swiftUIProject;
			};
			name = Debug;
		};
		4B78DE2C28A35D0000A956BC /* Release */ = {
			isa = XCBuildConfiguration;
			buildSettings = {
				ALWAYS_EMBED_SWIFT_STANDARD_LIBRARIES = YES;
				CODE_SIGN_STYLE = Automatic;
				CURRENT_PROJECT_VERSION = 1;
				DEVELOPMENT_TEAM = GP9DF5DX3M;
				GENERATE_INFOPLIST_FILE = YES;
				MARKETING_VERSION = 1.0;
				PRODUCT_BUNDLE_IDENTIFIER = habibcmb.swiftUIProjectUITests;
				PRODUCT_NAME = "$(TARGET_NAME)";
				SWIFT_EMIT_LOC_STRINGS = NO;
				SWIFT_VERSION = 5.0;
				TARGETED_DEVICE_FAMILY = "1,2";
				TEST_TARGET_NAME = swiftUIProject;
			};
			name = Release;
		};
/* End XCBuildConfiguration section */

/* Begin XCConfigurationList section */
		4B78DDF628A35CFE00A956BC /* Build configuration list for PBXProject "swiftUIProject" */ = {
			isa = XCConfigurationList;
			buildConfigurations = (
				4B78DE2228A35D0000A956BC /* Debug */,
				4B78DE2328A35D0000A956BC /* Release */,
			);
			defaultConfigurationIsVisible = 0;
			defaultConfigurationName = Release;
		};
		4B78DE2428A35D0000A956BC /* Build configuration list for PBXNativeTarget "swiftUIProject" */ = {
			isa = XCConfigurationList;
			buildConfigurations = (
				4B78DE2528A35D0000A956BC /* Debug */,
				4B78DE2628A35D0000A956BC /* Release */,
			);
			defaultConfigurationIsVisible = 0;
			defaultConfigurationName = Release;
		};
		4B78DE2728A35D0000A956BC /* Build configuration list for PBXNativeTarget "swiftUIProjectTests" */ = {
			isa = XCConfigurationList;
			buildConfigurations = (
				4B78DE2828A35D0000A956BC /* Debug */,
				4B78DE2928A35D0000A956BC /* Release */,
			);
			defaultConfigurationIsVisible = 0;
			defaultConfigurationName = Release;
		};
		4B78DE2A28A35D0000A956BC /* Build configuration list for PBXNativeTarget "swiftUIProjectUITests" */ = {
			isa = XCConfigurationList;
			buildConfigurations = (
				4B78DE2B28A35D0000A956BC /* Debug */,
				4B78DE2C28A35D0000A956BC /* Release */,
			);
			defaultConfigurationIsVisible = 0;
			defaultConfigurationName = Release;
		};
/* End XCConfigurationList section */

/* Begin XCVersionGroup section */
		4B78DE0928A35D0000A956BC /* swiftUIProject.xcdatamodeld */ = {
			isa = XCVersionGroup;
			children = (
				4B78DE0A28A35D0000A956BC /* swiftUIProject.xcdatamodel */,
			);
			currentVersion = 4B78DE0A28A35D0000A956BC /* swiftUIProject.xcdatamodel */;
			path = swiftUIProject.xcdatamodeld;
			sourceTree = "<group>";
			versionGroupType = wrapper.xcdatamodel;
		};
/* End XCVersionGroup section */
	};
	rootObject = 4B78DDF328A35CFE00A956BC /* Project object */;
}
